
Microsoft Visual Studio Solution File, Format Version 12.00
# Visual Studio Version 16
VisualStudioVersion = 16.0.31005.135
MinimumVisualStudioVersion = 10.0.40219.1
Project("{FAE04EC0-301F-11D3-BF4B-00C04F79EFBC}") = "CoreBotWithTests1", "CoreBotWithTests1\CoreBotWithTests1\CoreBotWithTests1.csproj", "{00F644C5-718E-4612-9BE0-B31D62C2E1EB}"
EndProject
Project("{FAE04EC0-301F-11D3-BF4B-00C04F79EFBC}") = "CoreBotWithTests1.Tests", "CoreBotWithTests1\CoreBotWithTests1.Tests\CoreBotWithTests1.Tests.csproj", "{6D19DEDF-1BF9-4ED4-AC76-819210CE7484}"
EndProject
Global
	GlobalSection(SolutionConfigurationPlatforms) = preSolution
		Debug|Any CPU = Debug|Any CPU
		Release|Any CPU = Release|Any CPU
	EndGlobalSection
	GlobalSection(ProjectConfigurationPlatforms) = postSolution
		{00F644C5-718E-4612-9BE0-B31D62C2E1EB}.Debug|Any CPU.ActiveCfg = Debug|Any CPU
		{00F644C5-718E-4612-9BE0-B31D62C2E1EB}.Debug|Any CPU.Build.0 = Debug|Any CPU
		{00F644C5-718E-4612-9BE0-B31D62C2E1EB}.Release|Any CPU.ActiveCfg = Release|Any CPU
		{00F644C5-718E-4612-9BE0-B31D62C2E1EB}.Release|Any CPU.Build.0 = Release|Any CPU
		{6D19DEDF-1BF9-4ED4-AC76-819210CE7484}.Debug|Any CPU.ActiveCfg = Debug|Any CPU
		{6D19DEDF-1BF9-4ED4-AC76-819210CE7484}.Debug|Any CPU.Build.0 = Debug|Any CPU
		{6D19DEDF-1BF9-4ED4-AC76-819210CE7484}.Release|Any CPU.ActiveCfg = Release|Any CPU
		{6D19DEDF-1BF9-4ED4-AC76-819210CE7484}.Release|Any CPU.Build.0 = Release|Any CPU
	EndGlobalSection
	GlobalSection(SolutionProperties) = preSolution
		HideSolutionNode = FALSE
	EndGlobalSection
	GlobalSection(ExtensibilityGlobals) = postSolution
		SolutionGuid = {14F0C3CD-A3F6-45A9-AE13-EB6782501945}
	EndGlobalSection
EndGlobal
